
Microsoft Visual Studio Solution File, Format Version 12.00
# Visual Studio 15
VisualStudioVersion = 15.0.28010.2041
MinimumVisualStudioVersion = 10.0.40219.1
Project("{FAE04EC0-301F-11D3-BF4B-00C04F79EFBC}") = "XPSDocumentWPF", "XPSDocumentWPF\XPSDocumentWPF.csproj", "{EB675E45-B9E1-4B79-9B32-87422ACA5BEF}"
EndProject
Project("{FAE04EC0-301F-11D3-BF4B-00C04F79EFBC}") = "XPSDemo", "XPSDemo\XPSDemo.csproj", "{D27E97BB-E46B-460B-B353-66D9B702960C}"
EndProject
Project("{FAE04EC0-301F-11D3-BF4B-00C04F79EFBC}") = "SplitImages", "SplitImages\SplitImages.csproj", "{0F122CD7-59A0-44B3-AF0A-DAE493187CF1}"
EndProject
Project("{FAE04EC0-301F-11D3-BF4B-00C04F79EFBC}") = "NetworkDiagramGraphSharp", "NetworkDiagramGraphSharp\NetworkDiagramGraphSharp.csproj", "{30D203C7-4CD6-4C45-BA39-35162E66744A}"
EndProject
Project("{FAE04EC0-301F-11D3-BF4B-00C04F79EFBC}") = "TestGraph", "TestGraph\TestGraph.csproj", "{96C39135-C6FC-4607-82D9-88EBCE990286}"
EndProject
Project("{FAE04EC0-301F-11D3-BF4B-00C04F79EFBC}") = "ControlsAndLayout", "ControlsAndLayout\ControlsAndLayout.csproj", "{38BA968A-02D9-4A3F-883B-041020A2D1AF}"
EndProject
Global
	GlobalSection(SolutionConfigurationPlatforms) = preSolution
		Debug|Any CPU = Debug|Any CPU
		Release|Any CPU = Release|Any CPU
	EndGlobalSection
	GlobalSection(ProjectConfigurationPlatforms) = postSolution
		{EB675E45-B9E1-4B79-9B32-87422ACA5BEF}.Debug|Any CPU.ActiveCfg = Debug|Any CPU
		{EB675E45-B9E1-4B79-9B32-87422ACA5BEF}.Debug|Any CPU.Build.0 = Debug|Any CPU
		{EB675E45-B9E1-4B79-9B32-87422ACA5BEF}.Release|Any CPU.ActiveCfg = Release|Any CPU
		{EB675E45-B9E1-4B79-9B32-87422ACA5BEF}.Release|Any CPU.Build.0 = Release|Any CPU
		{D27E97BB-E46B-460B-B353-66D9B702960C}.Debug|Any CPU.ActiveCfg = Debug|Any CPU
		{D27E97BB-E46B-460B-B353-66D9B702960C}.Debug|Any CPU.Build.0 = Debug|Any CPU
		{D27E97BB-E46B-460B-B353-66D9B702960C}.Release|Any CPU.ActiveCfg = Release|Any CPU
		{D27E97BB-E46B-460B-B353-66D9B702960C}.Release|Any CPU.Build.0 = Release|Any CPU
		{0F122CD7-59A0-44B3-AF0A-DAE493187CF1}.Debug|Any CPU.ActiveCfg = Debug|Any CPU
		{0F122CD7-59A0-44B3-AF0A-DAE493187CF1}.Debug|Any CPU.Build.0 = Debug|Any CPU
		{0F122CD7-59A0-44B3-AF0A-DAE493187CF1}.Release|Any CPU.ActiveCfg = Release|Any CPU
		{0F122CD7-59A0-44B3-AF0A-DAE493187CF1}.Release|Any CPU.Build.0 = Release|Any CPU
		{30D203C7-4CD6-4C45-BA39-35162E66744A}.Debug|Any CPU.ActiveCfg = Debug|Any CPU
		{30D203C7-4CD6-4C45-BA39-35162E66744A}.Debug|Any CPU.Build.0 = Debug|Any CPU
		{30D203C7-4CD6-4C45-BA39-35162E66744A}.Release|Any CPU.ActiveCfg = Release|Any CPU
		{30D203C7-4CD6-4C45-BA39-35162E66744A}.Release|Any CPU.Build.0 = Release|Any CPU
		{96C39135-C6FC-4607-82D9-88EBCE990286}.Debug|Any CPU.ActiveCfg = Debug|Any CPU
		{96C39135-C6FC-4607-82D9-88EBCE990286}.Debug|Any CPU.Build.0 = Debug|Any CPU
		{96C39135-C6FC-4607-82D9-88EBCE990286}.Release|Any CPU.ActiveCfg = Release|Any CPU
		{96C39135-C6FC-4607-82D9-88EBCE990286}.Release|Any CPU.Build.0 = Release|Any CPU
		{38BA968A-02D9-4A3F-883B-041020A2D1AF}.Debug|Any CPU.ActiveCfg = Debug|Any CPU
		{38BA968A-02D9-4A3F-883B-041020A2D1AF}.Debug|Any CPU.Build.0 = Debug|Any CPU
		{38BA968A-02D9-4A3F-883B-041020A2D1AF}.Release|Any CPU.ActiveCfg = Release|Any CPU
		{38BA968A-02D9-4A3F-883B-041020A2D1AF}.Release|Any CPU.Build.0 = Release|Any CPU
	EndGlobalSection
	GlobalSection(SolutionProperties) = preSolution
		HideSolutionNode = FALSE
	EndGlobalSection
	GlobalSection(ExtensibilityGlobals) = postSolution
		SolutionGuid = {6846C17A-F1EC-4CE5-8AAF-8FD8E13C2053}
	EndGlobalSection
EndGlobal
