
Microsoft Visual Studio Solution File, Format Version 12.00
# Visual Studio 15
VisualStudioVersion = 15.0.28010.2041
MinimumVisualStudioVersion = 10.0.40219.1
Project("{FAE04EC0-301F-11D3-BF4B-00C04F79EFBC}") = "XPStoPDF", "XPStoPDF\XPStoPDF.csproj", "{92D174F2-DFF0-4CA5-AC6A-EA5E14DF7471}"
EndProject
Global
	GlobalSection(SolutionConfigurationPlatforms) = preSolution
		Debug|Any CPU = Debug|Any CPU
		Release|Any CPU = Release|Any CPU
	EndGlobalSection
	GlobalSection(ProjectConfigurationPlatforms) = postSolution
		{92D174F2-DFF0-4CA5-AC6A-EA5E14DF7471}.Debug|Any CPU.ActiveCfg = Debug|Any CPU
		{92D174F2-DFF0-4CA5-AC6A-EA5E14DF7471}.Debug|Any CPU.Build.0 = Debug|Any CPU
		{92D174F2-DFF0-4CA5-AC6A-EA5E14DF7471}.Release|Any CPU.ActiveCfg = Release|Any CPU
		{92D174F2-DFF0-4CA5-AC6A-EA5E14DF7471}.Release|Any CPU.Build.0 = Release|Any CPU
	EndGlobalSection
	GlobalSection(SolutionProperties) = preSolution
		HideSolutionNode = FALSE
	EndGlobalSection
	GlobalSection(ExtensibilityGlobals) = postSolution
		SolutionGuid = {6846C17A-F1EC-4CE5-8AAF-8FD8E13C2053}
	EndGlobalSection
EndGlobal
